PODS:
  - FXBlurView (1.6.4)
  - JRSwizzle (1.0)
  - MercadoPagoSDKV4 (4.3.3):
    - MercadoPagoSDKV4/Default (= 4.3.3)
    - MLUI (~> 5.0)
  - MercadoPagoSDKV4/Default (4.3.3):
    - MLUI (~> 5.0)
  - MLReachability (2.0.0)
  - MLUI (5.2.0):
    - MLUI/ActionButton (= 5.2.0)
    - MLUI/Core (= 5.2.0)
    - MLUI/Helpers (= 5.2.0)
    - MLUI/MLButton (= 5.2.0)
    - MLUI/MLCheckBox (= 5.2.0)
    - MLUI/MLColorPalette (= 5.2.0)
    - MLUI/MLContextualMenu (= 5.2.0)
    - MLUI/MLFonts (= 5.2.0)
    - MLUI/MLGenericErrorView (= 5.2.0)
    - MLUI/MLHtml (= 5.2.0)
    - MLUI/MLModal (= 5.2.0)
    - MLUI/MLRadioButton (= 5.2.0)
    - MLUI/MLSnackBar (= 5.2.0)
    - MLUI/MLSpacing (= 5.2.0)
    - MLUI/MLSpinner (= 5.2.0)
    - MLUI/MLSwitch (= 5.2.0)
    - MLUI/MLTextView (= 5.2.0)
    - MLUI/MLTitledMultiLineTextField (= 5.2.0)
    - MLUI/MLTitledSingleLineTextField (= 5.2.0)
    - MLUI/PriceView (= 5.2.0)
    - MLUI/SnackBarView (= 5.2.0)
    - MLUI/StyleSheet (= 5.2.0)
  - MLUI/ActionButton (5.2.0):
    - MLUI/Core
  - MLUI/Core (5.2.0):
    - MLUI/MLFonts
  - MLUI/Helpers (5.2.0)
  - MLUI/MLButton (5.2.0):
    - MLUI/MLColorPalette
    - MLUI/MLFonts
    - MLUI/MLSpinner
    - MLUI/StyleSheet
  - MLUI/MLCheckBox (5.2.0):
    - MLUI/MLColorPalette
  - MLUI/MLColorPalette (5.2.0)
  - MLUI/MLContextualMenu (5.2.0):
    - MLUI/MLColorPalette
    - MLUI/MLFonts
  - MLUI/MLFonts (5.2.0):
    - JRSwizzle (= 1.0)
    - MLUI/Helpers
    - MLUI/StyleSheet
  - MLUI/MLGenericErrorView (5.2.0):
    - MLUI/MLButton
    - MLUI/MLColorPalette
    - MLUI/MLSpacing
  - MLUI/MLHtml (5.2.0):
    - MLUI/MLFonts
  - MLUI/MLModal (5.2.0):
    - FXBlurView (~> 1.6)
    - MLUI/Core
    - MLUI/MLButton
    - MLUI/MLColorPalette
    - MLUI/MLFonts
    - MLUI/StyleSheet
  - MLUI/MLRadioButton (5.2.0):
    - MLUI/MLColorPalette
  - MLUI/MLSnackBar (5.2.0):
    - MLUI/Helpers
    - MLUI/MLButton
    - MLUI/MLColorPalette
    - MLUI/MLFonts
  - MLUI/MLSpacing (5.2.0):
    - JRSwizzle (= 1.0)
    - MLUI/MLFonts
  - MLUI/MLSpinner (5.2.0):
    - MLUI/MLColorPalette
    - MLUI/MLFonts
    - MLUI/StyleSheet
  - MLUI/MLSwitch (5.2.0):
    - MLUI/Helpers
    - MLUI/MLColorPalette
  - MLUI/MLTextView (5.2.0):
    - MLUI/MLColorPalette
    - MLUI/MLFonts
  - MLUI/MLTitledMultiLineTextField (5.2.0):
    - MLUI/MLColorPalette
    - MLUI/MLFonts
    - MLUI/MLTitledSingleLineTextField
    - MLUI/StyleSheet
  - MLUI/MLTitledSingleLineTextField (5.2.0):
    - MLUI/MLColorPalette
    - MLUI/MLFonts
    - MLUI/StyleSheet
  - MLUI/PriceView (5.2.0):
    - MLUI/Core
    - MLUI/MLFonts
  - MLUI/SnackBarView (5.2.0):
    - MLUI/Helpers
    - MLUI/MLFonts
  - MLUI/StyleSheet (5.2.0)
  - PureLayout (3.1.4)
  - PXAccountMoneyPlugin (4.0.0):
    - MercadoPagoSDKV4 (>= 4.0.0)
    - MLReachability
    - MLUI
    - PureLayout

DEPENDENCIES:
  - MercadoPagoSDKV4 (from `git@github.com:mercadopago/px-ios.git`, branch `addIdentifiers`)
  - PXAccountMoneyPlugin (= 4.0.0)

EXTERNAL SOURCES:
  MercadoPagoSDKV4:
    :branch: addIdentifiers
    :git: git@github.com:mercadopago/px-ios.git

CHECKOUT OPTIONS:
  MercadoPagoSDKV4:
    :commit: 1ef386617fc81b1862e37d3411fb20f34229c080
    :git: git@github.com:mercadopago/px-ios.git

SPEC CHECKSUMS:
  FXBlurView: db786c2561cb49a09ae98407f52460096ab8a44f
  JRSwizzle: dd5ead5d913a0f29e7f558200165849f006bb1e3
  MercadoPagoSDKV4: 41d778feed9940ba52c4be4a5a23558591a65cc6
  MLReachability: a1a3711102887df70cd5c7b3022c5c3567bee7b4
  MLUI: f2de892289a9914a21d64fc95bbb1296afe6cf89
  PureLayout: f08c01b8dec00bb14a1fefa3de4c7d9c265df85e
  PXAccountMoneyPlugin: 0afa07b0b2559561498bce67f094a536151615da

PODFILE CHECKSUM: a7800a4b7c08a851447c5952d28497292d197644

COCOAPODS: 1.4.0
